{
  "requires": true,
  "lockfileVersion": 1,
  "dependencies": {
    "aws-cloudfront-sign": {
      "version": "2.2.0",
      "resolved": "https://registry.npmjs.org/aws-cloudfront-sign/-/aws-cloudfront-sign-2.2.0.tgz",
      "integrity": "sha1-ORD1ptDZD+wH8rTvirB/Pu+1Yl0=",
      "requires": {
        "lodash": "^3.6.0"
      }
    },
    "lodash": {
      "version": "3.10.1",
      "resolved": "https://registry.npmjs.org/lodash/-/lodash-3.10.1.tgz",
      "integrity": "sha1-W/Rejkm6QYnhfUgnid/RW9FAt7Y="
    }
  }
}
